// !$*UTF8*$!
{
	archiveVersion = 1;
	classes = {
	};
	objectVersion = 46;
	objects = {

/* Begin PBXBuildFile section */
		F98A2D24147993640062B0A0 /* libfreetype.a in Frameworks */ = {isa = PBXBuildFile; fileRef = F98A2D22147993640062B0A0 /* libfreetype.a */; };
		F98A2D25147993640062B0A0 /* libftgl.a in Frameworks */ = {isa = PBXBuildFile; fileRef = F98A2D23147993640062B0A0 /* libftgl.a */; };
		F9903DFD14782C4F00AE739A /* Cocoa.framework in Frameworks */ = {isa = PBXBuildFile; fileRef = F9903DFC14782C4F00AE739A /* Cocoa.framework */; };
		F9903E0714782C4F00AE739A /* InfoPlist.strings in Resources */ = {isa = PBXBuildFile; fileRef = F9903E0514782C4F00AE739A /* InfoPlist.strings */; };
		F9903E0914782C4F00AE739A /* main.m in Sources */ = {isa = PBXBuildFile; fileRef = F9903E0814782C4F00AE739A /* main.m */; };
		F9903E0D14782C4F00AE739A /* Credits.rtf in Resources */ = {isa = PBXBuildFile; fileRef = F9903E0B14782C4F00AE739A /* Credits.rtf */; };
		F9903E1014782C4F00AE739A /* GoldenTriangleAppDelegate.m in Sources */ = {isa = PBXBuildFile; fileRef = F9903E0F14782C4F00AE739A /* GoldenTriangleAppDelegate.m */; };
		F9903E1314782C4F00AE739A /* MainMenu.xib in Resources */ = {isa = PBXBuildFile; fileRef = F9903E1114782C4F00AE739A /* MainMenu.xib */; };
		F9903E1D14782CC700AE739A /* OpenGL.framework in Frameworks */ = {isa = PBXBuildFile; fileRef = F9903E1B14782CB800AE739A /* OpenGL.framework */; };
		F9903E2014782CFE00AE739A /* MyOpenGLView.mm in Sources */ = {isa = PBXBuildFile; fileRef = F9903E1F14782CFE00AE739A /* MyOpenGLView.mm */; };
		F992441F147943DD00049E8E /* MatrixOperation.m in Sources */ = {isa = PBXBuildFile; fileRef = F992441E147943DD00049E8E /* MatrixOperation.m */; };
/* End PBXBuildFile section */

/* Begin PBXFileReference section */
		F98A2D22147993640062B0A0 /* libfreetype.a */ = {isa = PBXFileReference; lastKnownFileType = archive.ar; name = libfreetype.a; path = ../../../../../usr/local/lib/libfreetype.a; sourceTree = "<group>"; };
		F98A2D23147993640062B0A0 /* libftgl.a */ = {isa = PBXFileReference; lastKnownFileType = archive.ar; name = libftgl.a; path = ../../../../../usr/local/lib/libftgl.a; sourceTree = "<group>"; };
		F9903DF814782C4F00AE739A /* GoldenTriangle.app */ = {isa = PBXFileReference; explicitFileType = wrapper.application; includeInIndex = 0; path = GoldenTriangle.app; sourceTree = BUILT_PRODUCTS_DIR; };
		F9903DFC14782C4F00AE739A /* Cocoa.framework */ = {isa = PBXFileReference; lastKnownFileType = wrapper.framework; name = Cocoa.framework; path = System/Library/Frameworks/Cocoa.framework; sourceTree = SDKROOT; };
		F9903DFF14782C4F00AE739A /* AppKit.framework */ = {isa = PBXFileReference; lastKnownFileType = wrapper.framework; name = AppKit.framework; path = System/Library/Frameworks/AppKit.framework; sourceTree = SDKROOT; };
		F9903E0014782C4F00AE739A /* CoreData.framework */ = {isa = PBXFileReference; lastKnownFileType = wrapper.framework; name = CoreData.framework; path = System/Library/Frameworks/CoreData.framework; sourceTree = SDKROOT; };
		F9903E0114782C4F00AE739A /* Foundation.framework */ = {isa = PBXFileReference; lastKnownFileType = wrapper.framework; name = Foundation.framework; path = System/Library/Frameworks/Foundation.framework; sourceTree = SDKROOT; };
		F9903E0414782C4F00AE739A /* GoldenTriangle-Info.plist */ = {isa = PBXFileReference; lastKnownFileType = text.plist.xml; path = "GoldenTriangle-Info.plist"; sourceTree = "<group>"; };
		F9903E0614782C4F00AE739A /* en */ = {isa = PBXFileReference; lastKnownFileType = text.plist.strings; name = en; path = en.lproj/InfoPlist.strings; sourceTree = "<group>"; };
		F9903E0814782C4F00AE739A /* main.m */ = {isa = PBXFileReference; lastKnownFileType = sourcecode.c.objc; path = main.m; sourceTree = "<group>"; };
		F9903E0A14782C4F00AE739A /* GoldenTriangle-Prefix.pch */ = {isa = PBXFileReference; lastKnownFileType = sourcecode.c.h; path = "GoldenTriangle-Prefix.pch"; sourceTree = "<group>"; };
		F9903E0C14782C4F00AE739A /* en */ = {isa = PBXFileReference; lastKnownFileType = text.rtf; name = en; path = en.lproj/Credits.rtf; sourceTree = "<group>"; };
		F9903E0E14782C4F00AE739A /* GoldenTriangleAppDelegate.h */ = {isa = PBXFileReference; lastKnownFileType = sourcecode.c.h; path = GoldenTriangleAppDelegate.h; sourceTree = "<group>"; };
		F9903E0F14782C4F00AE739A /* GoldenTriangleAppDelegate.m */ = {isa = PBXFileReference; lastKnownFileType = sourcecode.c.objc; path = GoldenTriangleAppDelegate.m; sourceTree = "<group>"; };
		F9903E1214782C4F00AE739A /* en */ = {isa = PBXFileReference; lastKnownFileType = file.xib; name = en; path = en.lproj/MainMenu.xib; sourceTree = "<group>"; };
		F9903E1B14782CB800AE739A /* OpenGL.framework */ = {isa = PBXFileReference; lastKnownFileType = wrapper.framework; name = OpenGL.framework; path = System/Library/Frameworks/OpenGL.framework; sourceTree = SDKROOT; };
		F9903E1E14782CFE00AE739A /* MyOpenGLView.h */ = {isa = PBXFileReference; fileEncoding = 4; lastKnownFileType = sourcecode.c.h; path = MyOpenGLView.h; sourceTree = "<group>"; };
		F9903E1F14782CFE00AE739A /* MyOpenGLView.mm */ = {isa = PBXFileReference; fileEncoding = 4; lastKnownFileType = sourcecode.cpp.objcpp; path = MyOpenGLView.mm; sourceTree = "<group>"; };
		F992441D147943DD00049E8E /* MatrixOperation.h */ = {isa = PBXFileReference; fileEncoding = 4; lastKnownFileType = sourcecode.c.h; path = MatrixOperation.h; sourceTree = "<group>"; };
		F992441E147943DD00049E8E /* MatrixOperation.m */ = {isa = PBXFileReference; fileEncoding = 4; lastKnownFileType = sourcecode.c.objc; path = MatrixOperation.m; sourceTree = "<group>"; };
		F99D90C7147ADFF900D24799 /* MathFunctions.h */ = {isa = PBXFileReference; fileEncoding = 4; lastKnownFileType = sourcecode.c.h; path = MathFunctions.h; sourceTree = "<group>"; };
/* End PBXFileReference section */

/* Begin PBXFrameworksBuildPhase section */
		F9903DF514782C4F00AE739A /* Frameworks */ = {
			isa = PBXFrameworksBuildPhase;
			buildActionMask = 2147483647;
			files = (
				F9903DFD14782C4F00AE739A /* Cocoa.framework in Frameworks */,
				F9903E1D14782CC700AE739A /* OpenGL.framework in Frameworks */,
				F98A2D24147993640062B0A0 /* libfreetype.a in Frameworks */,
				F98A2D25147993640062B0A0 /* libftgl.a in Frameworks */,
			);
			runOnlyForDeploymentPostprocessing = 0;
		};
/* End PBXFrameworksBuildPhase section */

/* Begin PBXGroup section */
		F9903DED14782C4F00AE739A = {
			isa = PBXGroup;
			children = (
				F98A2D22147993640062B0A0 /* libfreetype.a */,
				F98A2D23147993640062B0A0 /* libftgl.a */,
				F9903E0214782C4F00AE739A /* GoldenTriangle */,
				F9903DFB14782C4F00AE739A /* Frameworks */,
				F9903DF914782C4F00AE739A /* Products */,
			);
			sourceTree = "<group>";
		};
		F9903DF914782C4F00AE739A /* Products */ = {
			isa = PBXGroup;
			children = (
				F9903DF814782C4F00AE739A /* GoldenTriangle.app */,
			);
			name = Products;
			sourceTree = "<group>";
		};
		F9903DFB14782C4F00AE739A /* Frameworks */ = {
			isa = PBXGroup;
			children = (
				F9903E1B14782CB800AE739A /* OpenGL.framework */,
				F9903DFC14782C4F00AE739A /* Cocoa.framework */,
				F9903DFE14782C4F00AE739A /* Other Frameworks */,
			);
			name = Frameworks;
			sourceTree = "<group>";
		};
		F9903DFE14782C4F00AE739A /* Other Frameworks */ = {
			isa = PBXGroup;
			children = (
				F9903DFF14782C4F00AE739A /* AppKit.framework */,
				F9903E0014782C4F00AE739A /* CoreData.framework */,
				F9903E0114782C4F00AE739A /* Foundation.framework */,
			);
			name = "Other Frameworks";
			sourceTree = "<group>";
		};
		F9903E0214782C4F00AE739A /* GoldenTriangle */ = {
			isa = PBXGroup;
			children = (
				F99D90C7147ADFF900D24799 /* MathFunctions.h */,
				F9903E0E14782C4F00AE739A /* GoldenTriangleAppDelegate.h */,
				F9903E0F14782C4F00AE739A /* GoldenTriangleAppDelegate.m */,
				F9903E1114782C4F00AE739A /* MainMenu.xib */,
				F9903E0314782C4F00AE739A /* Supporting Files */,
				F9903E1E14782CFE00AE739A /* MyOpenGLView.h */,
				F9903E1F14782CFE00AE739A /* MyOpenGLView.mm */,
				F992441D147943DD00049E8E /* MatrixOperation.h */,
				F992441E147943DD00049E8E /* MatrixOperation.m */,
			);
			path = GoldenTriangle;
			sourceTree = "<group>";
		};
		F9903E0314782C4F00AE739A /* Supporting Files */ = {
			isa = PBXGroup;
			children = (
				F9903E0414782C4F00AE739A /* GoldenTriangle-Info.plist */,
				F9903E0514782C4F00AE739A /* InfoPlist.strings */,
				F9903E0814782C4F00AE739A /* main.m */,
				F9903E0A14782C4F00AE739A /* GoldenTriangle-Prefix.pch */,
				F9903E0B14782C4F00AE739A /* Credits.rtf */,
			);
			name = "Supporting Files";
			sourceTree = "<group>";
		};
/* End PBXGroup section */

/* Begin PBXNativeTarget section */
		F9903DF714782C4F00AE739A /* GoldenTriangle */ = {
			isa = PBXNativeTarget;
			buildConfigurationList = F9903E1614782C4F00AE739A /* Build configuration list for PBXNativeTarget "GoldenTriangle" */;
			buildPhases = (
				F9903DF414782C4F00AE739A /* Sources */,
				F9903DF514782C4F00AE739A /* Frameworks */,
				F9903DF614782C4F00AE739A /* Resources */,
			);
			buildRules = (
			);
			dependencies = (
			);
			name = GoldenTriangle;
			productName = GoldenTriangle;
			productReference = F9903DF814782C4F00AE739A /* GoldenTriangle.app */;
			productType = "com.apple.product-type.application";
		};
/* End PBXNativeTarget section */

/* Begin PBXProject section */
		F9903DEF14782C4F00AE739A /* Project object */ = {
			isa = PBXProject;
			buildConfigurationList = F9903DF214782C4F00AE739A /* Build configuration list for PBXProject "GoldenTriangle" */;
			compatibilityVersion = "Xcode 3.2";
			developmentRegion = English;
			hasScannedForEncodings = 0;
			knownRegions = (
				en,
			);
			mainGroup = F9903DED14782C4F00AE739A;
			productRefGroup = F9903DF914782C4F00AE739A /* Products */;
			projectDirPath = "";
			projectRoot = "";
			targets = (
				F9903DF714782C4F00AE739A /* GoldenTriangle */,
			);
		};
/* End PBXProject section */

/* Begin PBXResourcesBuildPhase section */
		F9903DF614782C4F00AE739A /* Resources */ = {
			isa = PBXResourcesBuildPhase;
			buildActionMask = 2147483647;
			files = (
				F9903E0714782C4F00AE739A /* InfoPlist.strings in Resources */,
				F9903E0D14782C4F00AE739A /* Credits.rtf in Resources */,
				F9903E1314782C4F00AE739A /* MainMenu.xib in Resources */,
			);
			runOnlyForDeploymentPostprocessing = 0;
		};
/* End PBXResourcesBuildPhase section */

/* Begin PBXSourcesBuildPhase section */
		F9903DF414782C4F00AE739A /* Sources */ = {
			isa = PBXSourcesBuildPhase;
			buildActionMask = 2147483647;
			files = (
				F9903E0914782C4F00AE739A /* main.m in Sources */,
				F9903E1014782C4F00AE739A /* GoldenTriangleAppDelegate.m in Sources */,
				F9903E2014782CFE00AE739A /* MyOpenGLView.mm in Sources */,
				F992441F147943DD00049E8E /* MatrixOperation.m in Sources */,
			);
			runOnlyForDeploymentPostprocessing = 0;
		};
/* End PBXSourcesBuildPhase section */

/* Begin PBXVariantGroup section */
		F9903E0514782C4F00AE739A /* InfoPlist.strings */ = {
			isa = PBXVariantGroup;
			children = (
				F9903E0614782C4F00AE739A /* en */,
			);
			name = InfoPlist.strings;
			sourceTree = "<group>";
		};
		F9903E0B14782C4F00AE739A /* Credits.rtf */ = {
			isa = PBXVariantGroup;
			children = (
				F9903E0C14782C4F00AE739A /* en */,
			);
			name = Credits.rtf;
			sourceTree = "<group>";
		};
		F9903E1114782C4F00AE739A /* MainMenu.xib */ = {
			isa = PBXVariantGroup;
			children = (
				F9903E1214782C4F00AE739A /* en */,
			);
			name = MainMenu.xib;
			sourceTree = "<group>";
		};
/* End PBXVariantGroup section */

/* Begin XCBuildConfiguration section */
		F9903E1414782C4F00AE739A /* Debug */ = {
			isa = XCBuildConfiguration;
			buildSettings = {
				ALWAYS_SEARCH_USER_PATHS = NO;
				ARCHS = "$(ARCHS_STANDARD_64_BIT)";
				COPY_PHASE_STRIP = NO;
				GCC_C_LANGUAGE_STANDARD = gnu99;
				GCC_DYNAMIC_NO_PIC = NO;
				GCC_ENABLE_OBJC_EXCEPTIONS = YES;
				GCC_OPTIMIZATION_LEVEL = 0;
				GCC_PREPROCESSOR_DEFINITIONS = (
					"DEBUG=1",
					"$(inherited)",
				);
				GCC_SYMBOLS_PRIVATE_EXTERN = NO;
				GCC_VERSION = com.apple.compilers.llvm.clang.1_0;
				GCC_WARN_64_TO_32_BIT_CONVERSION = YES;
				GCC_WARN_ABOUT_MISSING_PROTOTYPES = YES;
				GCC_WARN_ABOUT_RETURN_TYPE = YES;
				GCC_WARN_UNUSED_VARIABLE = YES;
				MACOSX_DEPLOYMENT_TARGET = 10.7;
				ONLY_ACTIVE_ARCH = YES;
				SDKROOT = macosx;
			};
			name = Debug;
		};
		F9903E1514782C4F00AE739A /* Release */ = {
			isa = XCBuildConfiguration;
			buildSettings = {
				ALWAYS_SEARCH_USER_PATHS = NO;
				ARCHS = "$(ARCHS_STANDARD_64_BIT)";
				COPY_PHASE_STRIP = YES;
				DEBUG_INFORMATION_FORMAT = "dwarf-with-dsym";
				GCC_C_LANGUAGE_STANDARD = gnu99;
				GCC_ENABLE_OBJC_EXCEPTIONS = YES;
				GCC_VERSION = com.apple.compilers.llvm.clang.1_0;
				GCC_WARN_64_TO_32_BIT_CONVERSION = YES;
				GCC_WARN_ABOUT_MISSING_PROTOTYPES = YES;
				GCC_WARN_ABOUT_RETURN_TYPE = YES;
				GCC_WARN_UNUSED_VARIABLE = YES;
				MACOSX_DEPLOYMENT_TARGET = 10.7;
				SDKROOT = macosx;
			};
			name = Release;
		};
		F9903E1714782C4F00AE739A /* Debug */ = {
			isa = XCBuildConfiguration;
			buildSettings = {
				ARCHS = "$(ARCHS_STANDARD_64_BIT)";
				GCC_PRECOMPILE_PREFIX_HEADER = YES;
				GCC_PREFIX_HEADER = "GoldenTriangle/GoldenTriangle-Prefix.pch";
				HEADER_SEARCH_PATHS = "/usr/local/**";
				INFOPLIST_FILE = "GoldenTriangle/GoldenTriangle-Info.plist";
				LD_RUNPATH_SEARCH_PATHS = "";
				LIBRARY_SEARCH_PATHS = (
					"/usr/local/**",
					"$(inherited)",
					"\"$(SRCROOT)\"",
					"\"$(SRCROOT)/../../libfreetype\"",
				);
				PRODUCT_NAME = "$(TARGET_NAME)";
				"PUBLIC_HEADERS_FOLDER_PATH[sdk=*]" = "$(CONTENTS_FOLDER_PATH)/Headers";
				SCAN_ALL_SOURCE_FILES_FOR_INCLUDES = YES;
				WRAPPER_EXTENSION = app;
			};
			name = Debug;
		};
		F9903E1814782C4F00AE739A /* Release */ = {
			isa = XCBuildConfiguration;
			buildSettings = {
				ARCHS = "$(ARCHS_STANDARD_64_BIT)";
				GCC_PRECOMPILE_PREFIX_HEADER = YES;
				GCC_PREFIX_HEADER = "GoldenTriangle/GoldenTriangle-Prefix.pch";
				HEADER_SEARCH_PATHS = "/usr/local/**";
				INFOPLIST_FILE = "GoldenTriangle/GoldenTriangle-Info.plist";
				LD_RUNPATH_SEARCH_PATHS = "";
				LIBRARY_SEARCH_PATHS = (
					"/usr/local/**",
					"$(inherited)",
					"\"$(SRCROOT)\"",
					"\"$(SRCROOT)/../../libfreetype\"",
				);
				PRODUCT_NAME = "$(TARGET_NAME)";
				SCAN_ALL_SOURCE_FILES_FOR_INCLUDES = YES;
				WRAPPER_EXTENSION = app;
			};
			name = Release;
		};
/* End XCBuildConfiguration section */

/* Begin XCConfigurationList section */
		F9903DF214782C4F00AE739A /* Build configuration list for PBXProject "GoldenTriangle" */ = {
			isa = XCConfigurationList;
			buildConfigurations = (
				F9903E1414782C4F00AE739A /* Debug */,
				F9903E1514782C4F00AE739A /* Release */,
			);
			defaultConfigurationIsVisible = 0;
			defaultConfigurationName = Release;
		};
		F9903E1614782C4F00AE739A /* Build configuration list for PBXNativeTarget "GoldenTriangle" */ = {
			isa = XCConfigurationList;
			buildConfigurations = (
				F9903E1714782C4F00AE739A /* Debug */,
				F9903E1814782C4F00AE739A /* Release */,
			);
			defaultConfigurationIsVisible = 0;
			defaultConfigurationName = Release;
		};
/* End XCConfigurationList section */
	};
	rootObject = F9903DEF14782C4F00AE739A /* Project object */;
}
